
Microsoft Visual Studio Solution File, Format Version 12.00
# Visual Studio 15
Project("{FAE04EC0-301F-11D3-BF4B-00C04F79EFBC}") = "ExemploMasterDetail.Android", "ExemploMasterDetail.Android\ExemploMasterDetail.Android.csproj", "{2754158F-5B96-4A90-98AB-E0EE38A96E13}"
EndProject
Project("{FAE04EC0-301F-11D3-BF4B-00C04F79EFBC}") = "ExemploMasterDetail.iOS", "ExemploMasterDetail.iOS\ExemploMasterDetail.iOS.csproj", "{05792316-B019-4F37-8D52-E99B4E0FB52C}"
EndProject
Project("{FAE04EC0-301F-11D3-BF4B-00C04F79EFBC}") = "ExemploMasterDetail", "ExemploMasterDetail\ExemploMasterDetail.csproj", "{9E0FFE59-3DE4-49C4-9C83-A0D7B56C43F9}"
EndProject
Global
	GlobalSection(SolutionConfigurationPlatforms) = preSolution
		Debug|Any CPU = Debug|Any CPU
		Release|Any CPU = Release|Any CPU
		Debug|iPhoneSimulator = Debug|iPhoneSimulator
		Release|iPhoneSimulator = Release|iPhoneSimulator
		Debug|iPhone = Debug|iPhone
		Release|iPhone = Release|iPhone
		Ad-Hoc|iPhone = Ad-Hoc|iPhone
		AppStore|iPhone = AppStore|iPhone
	EndGlobalSection
	GlobalSection(ProjectConfigurationPlatforms) = postSolution
		{2754158F-5B96-4A90-98AB-E0EE38A96E13}.Debug|Any CPU.ActiveCfg = Debug|Any CPU
		{2754158F-5B96-4A90-98AB-E0EE38A96E13}.Debug|Any CPU.Build.0 = Debug|Any CPU
		{2754158F-5B96-4A90-98AB-E0EE38A96E13}.Release|Any CPU.ActiveCfg = Release|Any CPU
		{2754158F-5B96-4A90-98AB-E0EE38A96E13}.Release|Any CPU.Build.0 = Release|Any CPU
		{2754158F-5B96-4A90-98AB-E0EE38A96E13}.Debug|iPhoneSimulator.ActiveCfg = Debug|Any CPU
		{2754158F-5B96-4A90-98AB-E0EE38A96E13}.Debug|iPhoneSimulator.Build.0 = Debug|Any CPU
		{2754158F-5B96-4A90-98AB-E0EE38A96E13}.Release|iPhoneSimulator.ActiveCfg = Release|Any CPU
		{2754158F-5B96-4A90-98AB-E0EE38A96E13}.Release|iPhoneSimulator.Build.0 = Release|Any CPU
		{2754158F-5B96-4A90-98AB-E0EE38A96E13}.Debug|iPhone.ActiveCfg = Debug|Any CPU
		{2754158F-5B96-4A90-98AB-E0EE38A96E13}.Debug|iPhone.Build.0 = Debug|Any CPU
		{2754158F-5B96-4A90-98AB-E0EE38A96E13}.Release|iPhone.ActiveCfg = Release|Any CPU
		{2754158F-5B96-4A90-98AB-E0EE38A96E13}.Release|iPhone.Build.0 = Release|Any CPU
		{2754158F-5B96-4A90-98AB-E0EE38A96E13}.Ad-Hoc|iPhone.ActiveCfg = Debug|Any CPU
		{2754158F-5B96-4A90-98AB-E0EE38A96E13}.Ad-Hoc|iPhone.Build.0 = Debug|Any CPU
		{2754158F-5B96-4A90-98AB-E0EE38A96E13}.AppStore|iPhone.ActiveCfg = Debug|Any CPU
		{2754158F-5B96-4A90-98AB-E0EE38A96E13}.AppStore|iPhone.Build.0 = Debug|Any CPU
		{05792316-B019-4F37-8D52-E99B4E0FB52C}.Debug|Any CPU.ActiveCfg = Debug|iPhoneSimulator
		{05792316-B019-4F37-8D52-E99B4E0FB52C}.Debug|Any CPU.Build.0 = Debug|iPhoneSimulator
		{05792316-B019-4F37-8D52-E99B4E0FB52C}.Release|Any CPU.ActiveCfg = Release|iPhoneSimulator
		{05792316-B019-4F37-8D52-E99B4E0FB52C}.Release|Any CPU.Build.0 = Release|iPhoneSimulator
		{05792316-B019-4F37-8D52-E99B4E0FB52C}.Debug|iPhoneSimulator.ActiveCfg = Debug|iPhoneSimulator
		{05792316-B019-4F37-8D52-E99B4E0FB52C}.Debug|iPhoneSimulator.Build.0 = Debug|iPhoneSimulator
		{05792316-B019-4F37-8D52-E99B4E0FB52C}.Release|iPhoneSimulator.ActiveCfg = Release|iPhoneSimulator
		{05792316-B019-4F37-8D52-E99B4E0FB52C}.Release|iPhoneSimulator.Build.0 = Release|iPhoneSimulator
		{05792316-B019-4F37-8D52-E99B4E0FB52C}.Debug|iPhone.ActiveCfg = Debug|iPhone
		{05792316-B019-4F37-8D52-E99B4E0FB52C}.Debug|iPhone.Build.0 = Debug|iPhone
		{05792316-B019-4F37-8D52-E99B4E0FB52C}.Release|iPhone.ActiveCfg = Release|iPhone
		{05792316-B019-4F37-8D52-E99B4E0FB52C}.Release|iPhone.Build.0 = Release|iPhone
		{05792316-B019-4F37-8D52-E99B4E0FB52C}.Ad-Hoc|iPhone.ActiveCfg = Ad-Hoc|iPhone
		{05792316-B019-4F37-8D52-E99B4E0FB52C}.Ad-Hoc|iPhone.Build.0 = Ad-Hoc|iPhone
		{05792316-B019-4F37-8D52-E99B4E0FB52C}.AppStore|iPhone.ActiveCfg = AppStore|iPhone
		{05792316-B019-4F37-8D52-E99B4E0FB52C}.AppStore|iPhone.Build.0 = AppStore|iPhone
		{9E0FFE59-3DE4-49C4-9C83-A0D7B56C43F9}.Debug|Any CPU.ActiveCfg = Debug|Any CPU
		{9E0FFE59-3DE4-49C4-9C83-A0D7B56C43F9}.Debug|Any CPU.Build.0 = Debug|Any CPU
		{9E0FFE59-3DE4-49C4-9C83-A0D7B56C43F9}.Release|Any CPU.ActiveCfg = Release|Any CPU
		{9E0FFE59-3DE4-49C4-9C83-A0D7B56C43F9}.Release|Any CPU.Build.0 = Release|Any CPU
		{9E0FFE59-3DE4-49C4-9C83-A0D7B56C43F9}.Debug|iPhoneSimulator.ActiveCfg = Debug|Any CPU
		{9E0FFE59-3DE4-49C4-9C83-A0D7B56C43F9}.Debug|iPhoneSimulator.Build.0 = Debug|Any CPU
		{9E0FFE59-3DE4-49C4-9C83-A0D7B56C43F9}.Release|iPhoneSimulator.ActiveCfg = Release|Any CPU
		{9E0FFE59-3DE4-49C4-9C83-A0D7B56C43F9}.Release|iPhoneSimulator.Build.0 = Release|Any CPU
		{9E0FFE59-3DE4-49C4-9C83-A0D7B56C43F9}.Debug|iPhone.ActiveCfg = Debug|Any CPU
		{9E0FFE59-3DE4-49C4-9C83-A0D7B56C43F9}.Debug|iPhone.Build.0 = Debug|Any CPU
		{9E0FFE59-3DE4-49C4-9C83-A0D7B56C43F9}.Release|iPhone.ActiveCfg = Release|Any CPU
		{9E0FFE59-3DE4-49C4-9C83-A0D7B56C43F9}.Release|iPhone.Build.0 = Release|Any CPU
		{9E0FFE59-3DE4-49C4-9C83-A0D7B56C43F9}.Ad-Hoc|iPhone.ActiveCfg = Debug|Any CPU
		{9E0FFE59-3DE4-49C4-9C83-A0D7B56C43F9}.Ad-Hoc|iPhone.Build.0 = Debug|Any CPU
		{9E0FFE59-3DE4-49C4-9C83-A0D7B56C43F9}.AppStore|iPhone.ActiveCfg = Debug|Any CPU
		{9E0FFE59-3DE4-49C4-9C83-A0D7B56C43F9}.AppStore|iPhone.Build.0 = Debug|Any CPU
	EndGlobalSection
EndGlobal
